{
  "name": "funkBlog",
  "lockfileVersion": 3,
  "requires": true,
  "packages": {
    "": {
      "dependencies": {
        "@picocss/pico": "^2.0.3"
      }
    },
    "node_modules/@picocss/pico": {
      "version": "2.0.3",
      "resolved": "https://registry.npmjs.org/@picocss/pico/-/pico-2.0.3.tgz",
      "integrity": "sha512-uIWvDcZnbA+oo4mpz8LeA05huCWbDnUz8Ad2NZXTFn6SrEXBtIdKDu+/bOD4oI8hJHp6dUEEvDLim2+qqSgruQ==",
      "engines": {
        "node": ">=18.19.0"
      }
    }
  }
}
